
Microsoft Visual Studio Solution File, Format Version 12.00
# Visual Studio Version 17
VisualStudioVersion = 17.4.33122.133
MinimumVisualStudioVersion = 10.0.40219.1
Project("{FAE04EC0-301F-11D3-BF4B-00C04F79EFBC}") = "MovieDatabase", "MovieDatabase\MovieDatabase.csproj", "{5CFEE5F3-6CEC-4273-9020-B2CD406D731D}"
EndProject
Global
	GlobalSection(SolutionConfigurationPlatforms) = preSolution
		Debug|Any CPU = Debug|Any CPU
		Release|Any CPU = Release|Any CPU
	EndGlobalSection
	GlobalSection(ProjectConfigurationPlatforms) = postSolution
		{5CFEE5F3-6CEC-4273-9020-B2CD406D731D}.Debug|Any CPU.ActiveCfg = Debug|Any CPU
		{5CFEE5F3-6CEC-4273-9020-B2CD406D731D}.Debug|Any CPU.Build.0 = Debug|Any CPU
		{5CFEE5F3-6CEC-4273-9020-B2CD406D731D}.Release|Any CPU.ActiveCfg = Release|Any CPU
		{5CFEE5F3-6CEC-4273-9020-B2CD406D731D}.Release|Any CPU.Build.0 = Release|Any CPU
	EndGlobalSection
	GlobalSection(SolutionProperties) = preSolution
		HideSolutionNode = FALSE
	EndGlobalSection
	GlobalSection(ExtensibilityGlobals) = postSolution
		SolutionGuid = {31242FEE-9562-45E2-A2B9-4A0C60553A42}
	EndGlobalSection
EndGlobal
